
Microsoft Visual Studio Solution File, Format Version 12.00
# Visual Studio Version 16
VisualStudioVersion = 16.0.29123.88
MinimumVisualStudioVersion = 10.0.40219.1
Project("{FAE04EC0-301F-11D3-BF4B-00C04F79EFBC}") = "ludo", "ludo\ludo.csproj", "{44E80FE7-FF1B-4B09-A271-FA6910ECCB55}"
EndProject
Global
	GlobalSection(SolutionConfigurationPlatforms) = preSolution
		Debug|Any CPU = Debug|Any CPU
		Release|Any CPU = Release|Any CPU
	EndGlobalSection
	GlobalSection(ProjectConfigurationPlatforms) = postSolution
		{44E80FE7-FF1B-4B09-A271-FA6910ECCB55}.Debug|Any CPU.ActiveCfg = Debug|Any CPU
		{44E80FE7-FF1B-4B09-A271-FA6910ECCB55}.Debug|Any CPU.Build.0 = Debug|Any CPU
		{44E80FE7-FF1B-4B09-A271-FA6910ECCB55}.Release|Any CPU.ActiveCfg = Release|Any CPU
		{44E80FE7-FF1B-4B09-A271-FA6910ECCB55}.Release|Any CPU.Build.0 = Release|Any CPU
	EndGlobalSection
	GlobalSection(SolutionProperties) = preSolution
		HideSolutionNode = FALSE
	EndGlobalSection
	GlobalSection(ExtensibilityGlobals) = postSolution
		SolutionGuid = {0FA7380A-1E30-4DD9-93AB-34B91574ADED}
	EndGlobalSection
EndGlobal
